
Microsoft Visual Studio Solution File, Format Version 12.00
# Visual Studio Version 17
VisualStudioVersion = 17.3.32929.385
MinimumVisualStudioVersion = 10.0.40219.1
Project("{9A19103F-16F7-4668-BE54-9A1E7A4F7556}") = "WebAPI", "WebAPI\WebAPI.csproj", "{A5C7EA9E-F425-44FF-88EB-8BA1C526BC3E}"
EndProject
Project("{9A19103F-16F7-4668-BE54-9A1E7A4F7556}") = "Application", "Application\Application.csproj", "{5F1F14D9-C4A1-445E-BA64-2EAD1EB50C26}"
EndProject
Project("{9A19103F-16F7-4668-BE54-9A1E7A4F7556}") = "Domain", "Domain\Domain.csproj", "{06DE93D0-B992-4295-8563-E3EAA360E435}"
EndProject
Project("{9A19103F-16F7-4668-BE54-9A1E7A4F7556}") = "EFDataAccess", "EFDataAccess\EFDataAccess.csproj", "{B11BF1D9-8B58-4703-B1FB-2CC60F92728B}"
EndProject
Project("{9A19103F-16F7-4668-BE54-9A1E7A4F7556}") = "Implementation", "Implementation\Implementation.csproj", "{81C2F30B-639D-415B-9CD6-E924A1C26301}"
EndProject
Project("{FAE04EC0-301F-11D3-BF4B-00C04F79EFBC}") = "WebApplication", "WebApplication\WebApplication.csproj", "{3713CDE7-009A-4989-9296-F992EFAC64E5}"
EndProject
Global
	GlobalSection(SolutionConfigurationPlatforms) = preSolution
		Debug|Any CPU = Debug|Any CPU
		Release|Any CPU = Release|Any CPU
	EndGlobalSection
	GlobalSection(ProjectConfigurationPlatforms) = postSolution
		{A5C7EA9E-F425-44FF-88EB-8BA1C526BC3E}.Debug|Any CPU.ActiveCfg = Debug|Any CPU
		{A5C7EA9E-F425-44FF-88EB-8BA1C526BC3E}.Debug|Any CPU.Build.0 = Debug|Any CPU
		{A5C7EA9E-F425-44FF-88EB-8BA1C526BC3E}.Release|Any CPU.ActiveCfg = Release|Any CPU
		{A5C7EA9E-F425-44FF-88EB-8BA1C526BC3E}.Release|Any CPU.Build.0 = Release|Any CPU
		{5F1F14D9-C4A1-445E-BA64-2EAD1EB50C26}.Debug|Any CPU.ActiveCfg = Debug|Any CPU
		{5F1F14D9-C4A1-445E-BA64-2EAD1EB50C26}.Debug|Any CPU.Build.0 = Debug|Any CPU
		{5F1F14D9-C4A1-445E-BA64-2EAD1EB50C26}.Release|Any CPU.ActiveCfg = Release|Any CPU
		{5F1F14D9-C4A1-445E-BA64-2EAD1EB50C26}.Release|Any CPU.Build.0 = Release|Any CPU
		{06DE93D0-B992-4295-8563-E3EAA360E435}.Debug|Any CPU.ActiveCfg = Debug|Any CPU
		{06DE93D0-B992-4295-8563-E3EAA360E435}.Debug|Any CPU.Build.0 = Debug|Any CPU
		{06DE93D0-B992-4295-8563-E3EAA360E435}.Release|Any CPU.ActiveCfg = Release|Any CPU
		{06DE93D0-B992-4295-8563-E3EAA360E435}.Release|Any CPU.Build.0 = Release|Any CPU
		{B11BF1D9-8B58-4703-B1FB-2CC60F92728B}.Debug|Any CPU.ActiveCfg = Debug|Any CPU
		{B11BF1D9-8B58-4703-B1FB-2CC60F92728B}.Debug|Any CPU.Build.0 = Debug|Any CPU
		{B11BF1D9-8B58-4703-B1FB-2CC60F92728B}.Release|Any CPU.ActiveCfg = Release|Any CPU
		{B11BF1D9-8B58-4703-B1FB-2CC60F92728B}.Release|Any CPU.Build.0 = Release|Any CPU
		{81C2F30B-639D-415B-9CD6-E924A1C26301}.Debug|Any CPU.ActiveCfg = Debug|Any CPU
		{81C2F30B-639D-415B-9CD6-E924A1C26301}.Debug|Any CPU.Build.0 = Debug|Any CPU
		{81C2F30B-639D-415B-9CD6-E924A1C26301}.Release|Any CPU.ActiveCfg = Release|Any CPU
		{81C2F30B-639D-415B-9CD6-E924A1C26301}.Release|Any CPU.Build.0 = Release|Any CPU
		{3713CDE7-009A-4989-9296-F992EFAC64E5}.Debug|Any CPU.ActiveCfg = Debug|Any CPU
		{3713CDE7-009A-4989-9296-F992EFAC64E5}.Debug|Any CPU.Build.0 = Debug|Any CPU
		{3713CDE7-009A-4989-9296-F992EFAC64E5}.Release|Any CPU.ActiveCfg = Release|Any CPU
		{3713CDE7-009A-4989-9296-F992EFAC64E5}.Release|Any CPU.Build.0 = Release|Any CPU
	EndGlobalSection
	GlobalSection(SolutionProperties) = preSolution
		HideSolutionNode = FALSE
	EndGlobalSection
	GlobalSection(ExtensibilityGlobals) = postSolution
		SolutionGuid = {BCFD966E-1920-45EC-BC78-F090F3E502E5}
	EndGlobalSection
EndGlobal
